
Microsoft Visual Studio Solution File, Format Version 12.00
# Visual Studio Version 17
VisualStudioVersion = 17.5.33414.496
MinimumVisualStudioVersion = 10.0.40219.1
Project("{FAE04EC0-301F-11D3-BF4B-00C04F79EFBC}") = "BeautyBookCustomerApp.Android", "BeautyBookCustomerApp\BeautyBookCustomerApp.Android\BeautyBookCustomerApp.Android.csproj", "{D22DC0EA-950F-4879-B62B-844EF3496922}"
EndProject
Project("{FAE04EC0-301F-11D3-BF4B-00C04F79EFBC}") = "BeautyBookCustomerApp.iOS", "BeautyBookCustomerApp\BeautyBookCustomerApp.iOS\BeautyBookCustomerApp.iOS.csproj", "{23E2284D-43C0-4ECA-8198-5941672F5055}"
EndProject
Project("{9A19103F-16F7-4668-BE54-9A1E7A4F7556}") = "BeautyBookCustomerApp", "BeautyBookCustomerApp\BeautyBookCustomerApp\BeautyBookCustomerApp.csproj", "{BF0184E6-DA4E-494F-BAE4-5F57B4811A99}"
EndProject
Project("{2150E333-8FDC-42A3-9474-1A3956D46DE8}") = "Solution Items", "Solution Items", "{6BF65395-BB72-4DBC-951D-97E0D73DFFA7}"
	ProjectSection(SolutionItems) = preProject
		.editorconfig = .editorconfig
	EndProjectSection
EndProject
Global
	GlobalSection(SolutionConfigurationPlatforms) = preSolution
		Debug|Any CPU = Debug|Any CPU
		Debug|iPhone = Debug|iPhone
		Debug|iPhoneSimulator = Debug|iPhoneSimulator
		Release|Any CPU = Release|Any CPU
		Release|iPhone = Release|iPhone
		Release|iPhoneSimulator = Release|iPhoneSimulator
	EndGlobalSection
	GlobalSection(ProjectConfigurationPlatforms) = postSolution
		{D22DC0EA-950F-4879-B62B-844EF3496922}.Debug|Any CPU.ActiveCfg = Debug|Any CPU
		{D22DC0EA-950F-4879-B62B-844EF3496922}.Debug|Any CPU.Build.0 = Debug|Any CPU
		{D22DC0EA-950F-4879-B62B-844EF3496922}.Debug|Any CPU.Deploy.0 = Debug|Any CPU
		{D22DC0EA-950F-4879-B62B-844EF3496922}.Debug|iPhone.ActiveCfg = Debug|Any CPU
		{D22DC0EA-950F-4879-B62B-844EF3496922}.Debug|iPhone.Build.0 = Debug|Any CPU
		{D22DC0EA-950F-4879-B62B-844EF3496922}.Debug|iPhone.Deploy.0 = Debug|Any CPU
		{D22DC0EA-950F-4879-B62B-844EF3496922}.Debug|iPhoneSimulator.ActiveCfg = Debug|Any CPU
		{D22DC0EA-950F-4879-B62B-844EF3496922}.Debug|iPhoneSimulator.Build.0 = Debug|Any CPU
		{D22DC0EA-950F-4879-B62B-844EF3496922}.Debug|iPhoneSimulator.Deploy.0 = Debug|Any CPU
		{D22DC0EA-950F-4879-B62B-844EF3496922}.Release|Any CPU.ActiveCfg = Release|Any CPU
		{D22DC0EA-950F-4879-B62B-844EF3496922}.Release|Any CPU.Build.0 = Release|Any CPU
		{D22DC0EA-950F-4879-B62B-844EF3496922}.Release|Any CPU.Deploy.0 = Release|Any CPU
		{D22DC0EA-950F-4879-B62B-844EF3496922}.Release|iPhone.ActiveCfg = Release|Any CPU
		{D22DC0EA-950F-4879-B62B-844EF3496922}.Release|iPhone.Build.0 = Release|Any CPU
		{D22DC0EA-950F-4879-B62B-844EF3496922}.Release|iPhone.Deploy.0 = Release|Any CPU
		{D22DC0EA-950F-4879-B62B-844EF3496922}.Release|iPhoneSimulator.ActiveCfg = Release|Any CPU
		{D22DC0EA-950F-4879-B62B-844EF3496922}.Release|iPhoneSimulator.Build.0 = Release|Any CPU
		{D22DC0EA-950F-4879-B62B-844EF3496922}.Release|iPhoneSimulator.Deploy.0 = Release|Any CPU
		{23E2284D-43C0-4ECA-8198-5941672F5055}.Debug|Any CPU.ActiveCfg = Debug|iPhone
		{23E2284D-43C0-4ECA-8198-5941672F5055}.Debug|Any CPU.Build.0 = Debug|iPhone
		{23E2284D-43C0-4ECA-8198-5941672F5055}.Debug|Any CPU.Deploy.0 = Debug|iPhone
		{23E2284D-43C0-4ECA-8198-5941672F5055}.Debug|iPhone.ActiveCfg = Debug|iPhone
		{23E2284D-43C0-4ECA-8198-5941672F5055}.Debug|iPhone.Build.0 = Debug|iPhone
		{23E2284D-43C0-4ECA-8198-5941672F5055}.Debug|iPhone.Deploy.0 = Debug|iPhone
		{23E2284D-43C0-4ECA-8198-5941672F5055}.Debug|iPhoneSimulator.ActiveCfg = Debug|iPhoneSimulator
		{23E2284D-43C0-4ECA-8198-5941672F5055}.Debug|iPhoneSimulator.Build.0 = Debug|iPhoneSimulator
		{23E2284D-43C0-4ECA-8198-5941672F5055}.Debug|iPhoneSimulator.Deploy.0 = Debug|iPhoneSimulator
		{23E2284D-43C0-4ECA-8198-5941672F5055}.Release|Any CPU.ActiveCfg = Release|iPhoneSimulator
		{23E2284D-43C0-4ECA-8198-5941672F5055}.Release|Any CPU.Build.0 = Release|iPhoneSimulator
		{23E2284D-43C0-4ECA-8198-5941672F5055}.Release|Any CPU.Deploy.0 = Release|iPhoneSimulator
		{23E2284D-43C0-4ECA-8198-5941672F5055}.Release|iPhone.ActiveCfg = Release|iPhone
		{23E2284D-43C0-4ECA-8198-5941672F5055}.Release|iPhone.Build.0 = Release|iPhone
		{23E2284D-43C0-4ECA-8198-5941672F5055}.Release|iPhone.Deploy.0 = Release|iPhone
		{23E2284D-43C0-4ECA-8198-5941672F5055}.Release|iPhoneSimulator.ActiveCfg = Release|iPhoneSimulator
		{23E2284D-43C0-4ECA-8198-5941672F5055}.Release|iPhoneSimulator.Build.0 = Release|iPhoneSimulator
		{23E2284D-43C0-4ECA-8198-5941672F5055}.Release|iPhoneSimulator.Deploy.0 = Release|iPhoneSimulator
		{BF0184E6-DA4E-494F-BAE4-5F57B4811A99}.Debug|Any CPU.ActiveCfg = Debug|Any CPU
		{BF0184E6-DA4E-494F-BAE4-5F57B4811A99}.Debug|Any CPU.Build.0 = Debug|Any CPU
		{BF0184E6-DA4E-494F-BAE4-5F57B4811A99}.Debug|Any CPU.Deploy.0 = Debug|Any CPU
		{BF0184E6-DA4E-494F-BAE4-5F57B4811A99}.Debug|iPhone.ActiveCfg = Debug|Any CPU
		{BF0184E6-DA4E-494F-BAE4-5F57B4811A99}.Debug|iPhone.Build.0 = Debug|Any CPU
		{BF0184E6-DA4E-494F-BAE4-5F57B4811A99}.Debug|iPhone.Deploy.0 = Debug|Any CPU
		{BF0184E6-DA4E-494F-BAE4-5F57B4811A99}.Debug|iPhoneSimulator.ActiveCfg = Debug|Any CPU
		{BF0184E6-DA4E-494F-BAE4-5F57B4811A99}.Debug|iPhoneSimulator.Build.0 = Debug|Any CPU
		{BF0184E6-DA4E-494F-BAE4-5F57B4811A99}.Debug|iPhoneSimulator.Deploy.0 = Debug|Any CPU
		{BF0184E6-DA4E-494F-BAE4-5F57B4811A99}.Release|Any CPU.ActiveCfg = Release|Any CPU
		{BF0184E6-DA4E-494F-BAE4-5F57B4811A99}.Release|Any CPU.Build.0 = Release|Any CPU
		{BF0184E6-DA4E-494F-BAE4-5F57B4811A99}.Release|Any CPU.Deploy.0 = Release|Any CPU
		{BF0184E6-DA4E-494F-BAE4-5F57B4811A99}.Release|iPhone.ActiveCfg = Release|Any CPU
		{BF0184E6-DA4E-494F-BAE4-5F57B4811A99}.Release|iPhone.Build.0 = Release|Any CPU
		{BF0184E6-DA4E-494F-BAE4-5F57B4811A99}.Release|iPhone.Deploy.0 = Release|Any CPU
		{BF0184E6-DA4E-494F-BAE4-5F57B4811A99}.Release|iPhoneSimulator.ActiveCfg = Release|Any CPU
		{BF0184E6-DA4E-494F-BAE4-5F57B4811A99}.Release|iPhoneSimulator.Build.0 = Release|Any CPU
		{BF0184E6-DA4E-494F-BAE4-5F57B4811A99}.Release|iPhoneSimulator.Deploy.0 = Release|Any CPU
	EndGlobalSection
	GlobalSection(SolutionProperties) = preSolution
		HideSolutionNode = FALSE
	EndGlobalSection
	GlobalSection(ExtensibilityGlobals) = postSolution
		SolutionGuid = {8D92E033-AC8F-45EE-809E-DB274C99810C}
	EndGlobalSection
EndGlobal
